
Microsoft Visual Studio Solution File, Format Version 12.00
# Visual Studio Version 17
VisualStudioVersion = 17.10.34607.79
MinimumVisualStudioVersion = 10.0.40219.1
Project("{8BC9CEB8-8B4A-11D0-8D11-00A0C91BC942}") = "2", "26_02_24\26_02_24.vcxproj", "{5CB82605-2492-43AF-A99A-F946FF3F1AEB}"
EndProject
Project("{8BC9CEB8-8B4A-11D0-8D11-00A0C91BC942}") = "1", "26_02_2024\26_02_2024.vcxproj", "{5D16C19F-99A2-4732-8885-9ED49902A26A}"
EndProject
Project("{2150E333-8FDC-42A3-9474-1A3956D46DE8}") = "Lab 2", "Lab 2", "{6BC13DDE-1B43-4ECD-BCE5-F100B12D6D87}"
EndProject
Project("{2150E333-8FDC-42A3-9474-1A3956D46DE8}") = "Lab 3", "Lab 3", "{D5F3F084-C882-471A-B0CD-F6CE3AF9DD67}"
EndProject
Project("{8BC9CEB8-8B4A-11D0-8D11-00A0C91BC942}") = "1", "1\1.vcxproj", "{443AEB07-1953-4E48-B5E3-0BCAA0342B19}"
EndProject
Project("{2150E333-8FDC-42A3-9474-1A3956D46DE8}") = "Lab 4", "Lab 4", "{D4AEAD37-EF92-45C1-B3D3-B153646F9C11}"
EndProject
Project("{8BC9CEB8-8B4A-11D0-8D11-00A0C91BC942}") = "1. 11_03_2024", "1. 11_03_2024\1. 11_03_2024.vcxproj", "{04FA3D14-2414-4C5F-B68B-57E55EEE9B6D}"
EndProject
Global
	GlobalSection(SolutionConfigurationPlatforms) = preSolution
		Debug|Any CPU = Debug|Any CPU
		Debug|x64 = Debug|x64
		Debug|x86 = Debug|x86
		Release|Any CPU = Release|Any CPU
		Release|x64 = Release|x64
		Release|x86 = Release|x86
	EndGlobalSection
	GlobalSection(ProjectConfigurationPlatforms) = postSolution
		{5CB82605-2492-43AF-A99A-F946FF3F1AEB}.Debug|Any CPU.ActiveCfg = Debug|x64
		{5CB82605-2492-43AF-A99A-F946FF3F1AEB}.Debug|Any CPU.Build.0 = Debug|x64
		{5CB82605-2492-43AF-A99A-F946FF3F1AEB}.Debug|x64.ActiveCfg = Debug|x64
		{5CB82605-2492-43AF-A99A-F946FF3F1AEB}.Debug|x64.Build.0 = Debug|x64
		{5CB82605-2492-43AF-A99A-F946FF3F1AEB}.Debug|x86.ActiveCfg = Debug|Win32
		{5CB82605-2492-43AF-A99A-F946FF3F1AEB}.Debug|x86.Build.0 = Debug|Win32
		{5CB82605-2492-43AF-A99A-F946FF3F1AEB}.Release|Any CPU.ActiveCfg = Release|x64
		{5CB82605-2492-43AF-A99A-F946FF3F1AEB}.Release|Any CPU.Build.0 = Release|x64
		{5CB82605-2492-43AF-A99A-F946FF3F1AEB}.Release|x64.ActiveCfg = Release|x64
		{5CB82605-2492-43AF-A99A-F946FF3F1AEB}.Release|x64.Build.0 = Release|x64
		{5CB82605-2492-43AF-A99A-F946FF3F1AEB}.Release|x86.ActiveCfg = Release|Win32
		{5CB82605-2492-43AF-A99A-F946FF3F1AEB}.Release|x86.Build.0 = Release|Win32
		{5D16C19F-99A2-4732-8885-9ED49902A26A}.Debug|Any CPU.ActiveCfg = Debug|x64
		{5D16C19F-99A2-4732-8885-9ED49902A26A}.Debug|Any CPU.Build.0 = Debug|x64
		{5D16C19F-99A2-4732-8885-9ED49902A26A}.Debug|x64.ActiveCfg = Debug|x64
		{5D16C19F-99A2-4732-8885-9ED49902A26A}.Debug|x64.Build.0 = Debug|x64
		{5D16C19F-99A2-4732-8885-9ED49902A26A}.Debug|x86.ActiveCfg = Debug|Win32
		{5D16C19F-99A2-4732-8885-9ED49902A26A}.Debug|x86.Build.0 = Debug|Win32
		{5D16C19F-99A2-4732-8885-9ED49902A26A}.Release|Any CPU.ActiveCfg = Release|x64
		{5D16C19F-99A2-4732-8885-9ED49902A26A}.Release|Any CPU.Build.0 = Release|x64
		{5D16C19F-99A2-4732-8885-9ED49902A26A}.Release|x64.ActiveCfg = Release|x64
		{5D16C19F-99A2-4732-8885-9ED49902A26A}.Release|x64.Build.0 = Release|x64
		{5D16C19F-99A2-4732-8885-9ED49902A26A}.Release|x86.ActiveCfg = Release|Win32
		{5D16C19F-99A2-4732-8885-9ED49902A26A}.Release|x86.Build.0 = Release|Win32
		{443AEB07-1953-4E48-B5E3-0BCAA0342B19}.Debug|Any CPU.ActiveCfg = Debug|x64
		{443AEB07-1953-4E48-B5E3-0BCAA0342B19}.Debug|Any CPU.Build.0 = Debug|x64
		{443AEB07-1953-4E48-B5E3-0BCAA0342B19}.Debug|x64.ActiveCfg = Debug|x64
		{443AEB07-1953-4E48-B5E3-0BCAA0342B19}.Debug|x64.Build.0 = Debug|x64
		{443AEB07-1953-4E48-B5E3-0BCAA0342B19}.Debug|x86.ActiveCfg = Debug|Win32
		{443AEB07-1953-4E48-B5E3-0BCAA0342B19}.Debug|x86.Build.0 = Debug|Win32
		{443AEB07-1953-4E48-B5E3-0BCAA0342B19}.Release|Any CPU.ActiveCfg = Release|x64
		{443AEB07-1953-4E48-B5E3-0BCAA0342B19}.Release|Any CPU.Build.0 = Release|x64
		{443AEB07-1953-4E48-B5E3-0BCAA0342B19}.Release|x64.ActiveCfg = Release|x64
		{443AEB07-1953-4E48-B5E3-0BCAA0342B19}.Release|x64.Build.0 = Release|x64
		{443AEB07-1953-4E48-B5E3-0BCAA0342B19}.Release|x86.ActiveCfg = Release|Win32
		{443AEB07-1953-4E48-B5E3-0BCAA0342B19}.Release|x86.Build.0 = Release|Win32
		{04FA3D14-2414-4C5F-B68B-57E55EEE9B6D}.Debug|Any CPU.ActiveCfg = Debug|x64
		{04FA3D14-2414-4C5F-B68B-57E55EEE9B6D}.Debug|Any CPU.Build.0 = Debug|x64
		{04FA3D14-2414-4C5F-B68B-57E55EEE9B6D}.Debug|x64.ActiveCfg = Debug|x64
		{04FA3D14-2414-4C5F-B68B-57E55EEE9B6D}.Debug|x64.Build.0 = Debug|x64
		{04FA3D14-2414-4C5F-B68B-57E55EEE9B6D}.Debug|x86.ActiveCfg = Debug|Win32
		{04FA3D14-2414-4C5F-B68B-57E55EEE9B6D}.Debug|x86.Build.0 = Debug|Win32
		{04FA3D14-2414-4C5F-B68B-57E55EEE9B6D}.Release|Any CPU.ActiveCfg = Release|x64
		{04FA3D14-2414-4C5F-B68B-57E55EEE9B6D}.Release|Any CPU.Build.0 = Release|x64
		{04FA3D14-2414-4C5F-B68B-57E55EEE9B6D}.Release|x64.ActiveCfg = Release|x64
		{04FA3D14-2414-4C5F-B68B-57E55EEE9B6D}.Release|x64.Build.0 = Release|x64
		{04FA3D14-2414-4C5F-B68B-57E55EEE9B6D}.Release|x86.ActiveCfg = Release|Win32
		{04FA3D14-2414-4C5F-B68B-57E55EEE9B6D}.Release|x86.Build.0 = Release|Win32
	EndGlobalSection
	GlobalSection(SolutionProperties) = preSolution
		HideSolutionNode = FALSE
	EndGlobalSection
	GlobalSection(NestedProjects) = preSolution
		{5CB82605-2492-43AF-A99A-F946FF3F1AEB} = {6BC13DDE-1B43-4ECD-BCE5-F100B12D6D87}
		{5D16C19F-99A2-4732-8885-9ED49902A26A} = {6BC13DDE-1B43-4ECD-BCE5-F100B12D6D87}
		{443AEB07-1953-4E48-B5E3-0BCAA0342B19} = {D5F3F084-C882-471A-B0CD-F6CE3AF9DD67}
		{04FA3D14-2414-4C5F-B68B-57E55EEE9B6D} = {D4AEAD37-EF92-45C1-B3D3-B153646F9C11}
	EndGlobalSection
	GlobalSection(ExtensibilityGlobals) = postSolution
		SolutionGuid = {18B2A877-9D01-4B90-A911-E424B5116345}
	EndGlobalSection
EndGlobal
